
Microsoft Visual Studio Solution File, Format Version 12.00
# Visual Studio 15
VisualStudioVersion = 15.0.28307.168
MinimumVisualStudioVersion = 10.0.40219.1
Project("{FAE04EC0-301F-11D3-BF4B-00C04F79EFBC}") = "Flights_project", "Flights_project\Flights_project.csproj", "{26C58191-DA2B-4F0B-992B-11C37D24E4A4}"
EndProject
Project("{FAE04EC0-301F-11D3-BF4B-00C04F79EFBC}") = "checking_project", "checking_project\checking_project.csproj", "{E0788FB2-5F48-43A8-96AF-9340D34D37EA}"
EndProject
Global
	GlobalSection(SolutionConfigurationPlatforms) = preSolution
		Debug|Any CPU = Debug|Any CPU
		Release|Any CPU = Release|Any CPU
	EndGlobalSection
	GlobalSection(ProjectConfigurationPlatforms) = postSolution
		{26C58191-DA2B-4F0B-992B-11C37D24E4A4}.Debug|Any CPU.ActiveCfg = Debug|Any CPU
		{26C58191-DA2B-4F0B-992B-11C37D24E4A4}.Debug|Any CPU.Build.0 = Debug|Any CPU
		{26C58191-DA2B-4F0B-992B-11C37D24E4A4}.Release|Any CPU.ActiveCfg = Release|Any CPU
		{26C58191-DA2B-4F0B-992B-11C37D24E4A4}.Release|Any CPU.Build.0 = Release|Any CPU
		{E0788FB2-5F48-43A8-96AF-9340D34D37EA}.Debug|Any CPU.ActiveCfg = Debug|Any CPU
		{E0788FB2-5F48-43A8-96AF-9340D34D37EA}.Debug|Any CPU.Build.0 = Debug|Any CPU
		{E0788FB2-5F48-43A8-96AF-9340D34D37EA}.Release|Any CPU.ActiveCfg = Release|Any CPU
		{E0788FB2-5F48-43A8-96AF-9340D34D37EA}.Release|Any CPU.Build.0 = Release|Any CPU
	EndGlobalSection
	GlobalSection(SolutionProperties) = preSolution
		HideSolutionNode = FALSE
	EndGlobalSection
	GlobalSection(ExtensibilityGlobals) = postSolution
		SolutionGuid = {B5245B2D-280C-4014-B4BA-D07AF0C6BC12}
	EndGlobalSection
EndGlobal
